// !$*UTF8*$!
{
	archiveVersion = 1;
	classes = {
	};
	objectVersion = 46;
	objects = {

/* Begin PBXBuildFile section */
		86A909341B525946004FB637 /* Main.storyboard in Resources */ = {isa = PBXBuildFile; fileRef = 86A909331B525946004FB637 /* Main.storyboard */; };
		86A909361B525971004FB637 /* Images.xcassets in Resources */ = {isa = PBXBuildFile; fileRef = 86A909351B525971004FB637 /* Images.xcassets */; };
		86A909381B5259E8004FB637 /* LaunchScreen.xib in Resources */ = {isa = PBXBuildFile; fileRef = 86A909371B5259E8004FB637 /* LaunchScreen.xib */; };
		86F80A591B51D582009325F5 /* AppDelegate.swift in Sources */ = {isa = PBXBuildFile; fileRef = 86F80A581B51D582009325F5 /* AppDelegate.swift */; };
		86F80A5B1B51D582009325F5 /* ViewController.swift in Sources */ = {isa = PBXBuildFile; fileRef = 86F80A5A1B51D582009325F5 /* ViewController.swift */; };
		86F80A6F1B51D582009325F5 /* VisualizicTests.swift in Sources */ = {isa = PBXBuildFile; fileRef = 86F80A6E1B51D582009325F5 /* VisualizicTests.swift */; };
		86F80A791B51FF64009325F5 /* AVFoundation.framework in Frameworks */ = {isa = PBXBuildFile; fileRef = 86F80A781B51FF64009325F5 /* AVFoundation.framework */; };
/* End PBXBuildFile section */

/* Begin PBXContainerItemProxy section */
		86F80A691B51D582009325F5 /* PBXContainerItemProxy */ = {
			isa = PBXContainerItemProxy;
			containerPortal = 86F80A4B1B51D582009325F5 /* Project object */;
			proxyType = 1;
			remoteGlobalIDString = 86F80A521B51D582009325F5;
			remoteInfo = Visualizic;
		};
/* End PBXContainerItemProxy section */

/* Begin PBXFileReference section */
		86A909331B525946004FB637 /* Main.storyboard */ = {isa = PBXFileReference; fileEncoding = 4; lastKnownFileType = file.storyboard; path = Main.storyboard; sourceTree = "<group>"; };
		86A909351B525971004FB637 /* Images.xcassets */ = {isa = PBXFileReference; lastKnownFileType = folder.assetcatalog; path = Images.xcassets; sourceTree = "<group>"; };
		86A909371B5259E8004FB637 /* LaunchScreen.xib */ = {isa = PBXFileReference; fileEncoding = 4; lastKnownFileType = file.xib; path = LaunchScreen.xib; sourceTree = "<group>"; };
		86F80A531B51D582009325F5 /* Visualizic.app */ = {isa = PBXFileReference; explicitFileType = wrapper.application; includeInIndex = 0; path = Visualizic.app; sourceTree = BUILT_PRODUCTS_DIR; };
		86F80A571B51D582009325F5 /* Info.plist */ = {isa = PBXFileReference; lastKnownFileType = text.plist.xml; path = Info.plist; sourceTree = "<group>"; };
		86F80A581B51D582009325F5 /* AppDelegate.swift */ = {isa = PBXFileReference; lastKnownFileType = sourcecode.swift; path = AppDelegate.swift; sourceTree = "<group>"; };
		86F80A5A1B51D582009325F5 /* ViewController.swift */ = {isa = PBXFileReference; lastKnownFileType = sourcecode.swift; path = ViewController.swift; sourceTree = "<group>"; };
		86F80A681B51D582009325F5 /* VisualizicTests.xctest */ = {isa = PBXFileReference; explicitFileType = wrapper.cfbundle; includeInIndex = 0; path = VisualizicTests.xctest; sourceTree = BUILT_PRODUCTS_DIR; };
		86F80A6D1B51D582009325F5 /* Info.plist */ = {isa = PBXFileReference; lastKnownFileType = text.plist.xml; path = Info.plist; sourceTree = "<group>"; };
		86F80A6E1B51D582009325F5 /* VisualizicTests.swift */ = {isa = PBXFileReference; lastKnownFileType = sourcecode.swift; path = VisualizicTests.swift; sourceTree = "<group>"; };
		86F80A781B51FF64009325F5 /* AVFoundation.framework */ = {isa = PBXFileReference; lastKnownFileType = wrapper.framework; name = AVFoundation.framework; path = System/Library/Frameworks/AVFoundation.framework; sourceTree = SDKROOT; };
/* End PBXFileReference section */

/* Begin PBXFrameworksBuildPhase section */
		86F80A501B51D582009325F5 /* Frameworks */ = {
			isa = PBXFrameworksBuildPhase;
			buildActionMask = 2147483647;
			files = (
				86F80A791B51FF64009325F5 /* AVFoundation.framework in Frameworks */,
			);
			runOnlyForDeploymentPostprocessing = 0;
		};
		86F80A651B51D582009325F5 /* Frameworks */ = {
			isa = PBXFrameworksBuildPhase;
			buildActionMask = 2147483647;
			files = (
			);
			runOnlyForDeploymentPostprocessing = 0;
		};
/* End PBXFrameworksBuildPhase section */

/* Begin PBXGroup section */
		86F80A4A1B51D582009325F5 = {
			isa = PBXGroup;
			children = (
				86F80A7A1B51FF68009325F5 /* Library */,
				86F80A551B51D582009325F5 /* Visualizic */,
				86F80A6B1B51D582009325F5 /* VisualizicTests */,
				86F80A541B51D582009325F5 /* Products */,
			);
			sourceTree = "<group>";
		};
		86F80A541B51D582009325F5 /* Products */ = {
			isa = PBXGroup;
			children = (
				86F80A531B51D582009325F5 /* Visualizic.app */,
				86F80A681B51D582009325F5 /* VisualizicTests.xctest */,
			);
			name = Products;
			sourceTree = "<group>";
		};
		86F80A551B51D582009325F5 /* Visualizic */ = {
			isa = PBXGroup;
			children = (
				86F80A581B51D582009325F5 /* AppDelegate.swift */,
				86F80A5A1B51D582009325F5 /* ViewController.swift */,
				86A909331B525946004FB637 /* Main.storyboard */,
				86A909371B5259E8004FB637 /* LaunchScreen.xib */,
				86A909351B525971004FB637 /* Images.xcassets */,
				86F80A561B51D582009325F5 /* Supporting Files */,
			);
			path = Visualizic;
			sourceTree = "<group>";
		};
		86F80A561B51D582009325F5 /* Supporting Files */ = {
			isa = PBXGroup;
			children = (
				86F80A571B51D582009325F5 /* Info.plist */,
			);
			name = "Supporting Files";
			sourceTree = "<group>";
		};
		86F80A6B1B51D582009325F5 /* VisualizicTests */ = {
			isa = PBXGroup;
			children = (
				86F80A6E1B51D582009325F5 /* VisualizicTests.swift */,
				86F80A6C1B51D582009325F5 /* Supporting Files */,
			);
			path = VisualizicTests;
			sourceTree = "<group>";
		};
		86F80A6C1B51D582009325F5 /* Supporting Files */ = {
			isa = PBXGroup;
			children = (
				86F80A6D1B51D582009325F5 /* Info.plist */,
			);
			name = "Supporting Files";
			sourceTree = "<group>";
		};
		86F80A7A1B51FF68009325F5 /* Library */ = {
			isa = PBXGroup;
			children = (
				86F80A781B51FF64009325F5 /* AVFoundation.framework */,
			);
			name = Library;
			sourceTree = "<group>";
		};
/* End PBXGroup section */

/* Begin PBXNativeTarget section */
		86F80A521B51D582009325F5 /* Visualizic */ = {
			isa = PBXNativeTarget;
			buildConfigurationList = 86F80A721B51D582009325F5 /* Build configuration list for PBXNativeTarget "Visualizic" */;
			buildPhases = (
				86F80A4F1B51D582009325F5 /* Sources */,
				86F80A501B51D582009325F5 /* Frameworks */,
				86F80A511B51D582009325F5 /* Resources */,
			);
			buildRules = (
			);
			dependencies = (
			);
			name = Visualizic;
			productName = Visualizic;
			productReference = 86F80A531B51D582009325F5 /* Visualizic.app */;
			productType = "com.apple.product-type.application";
		};
		86F80A671B51D582009325F5 /* VisualizicTests */ = {
			isa = PBXNativeTarget;
			buildConfigurationList = 86F80A751B51D582009325F5 /* Build configuration list for PBXNativeTarget "VisualizicTests" */;
			buildPhases = (
				86F80A641B51D582009325F5 /* Sources */,
				86F80A651B51D582009325F5 /* Frameworks */,
				86F80A661B51D582009325F5 /* Resources */,
			);
			buildRules = (
			);
			dependencies = (
				86F80A6A1B51D582009325F5 /* PBXTargetDependency */,
			);
			name = VisualizicTests;
			productName = VisualizicTests;
			productReference = 86F80A681B51D582009325F5 /* VisualizicTests.xctest */;
			productType = "com.apple.product-type.bundle.unit-test";
		};
/* End PBXNativeTarget section */

/* Begin PBXProject section */
		86F80A4B1B51D582009325F5 /* Project object */ = {
			isa = PBXProject;
			attributes = {
				LastUpgradeCheck = 0640;
				ORGANIZATIONNAME = Hackathon;
				TargetAttributes = {
					86F80A521B51D582009325F5 = {
						CreatedOnToolsVersion = 6.4;
					};
					86F80A671B51D582009325F5 = {
						CreatedOnToolsVersion = 6.4;
						TestTargetID = 86F80A521B51D582009325F5;
					};
				};
			};
			buildConfigurationList = 86F80A4E1B51D582009325F5 /* Build configuration list for PBXProject "Visualizic" */;
			compatibilityVersion = "Xcode 3.2";
			developmentRegion = English;
			hasScannedForEncodings = 0;
			knownRegions = (
				en,
				Base,
			);
			mainGroup = 86F80A4A1B51D582009325F5;
			productRefGroup = 86F80A541B51D582009325F5 /* Products */;
			projectDirPath = "";
			projectRoot = "";
			targets = (
				86F80A521B51D582009325F5 /* Visualizic */,
				86F80A671B51D582009325F5 /* VisualizicTests */,
			);
		};
/* End PBXProject section */

/* Begin PBXResourcesBuildPhase section */
		86F80A511B51D582009325F5 /* Resources */ = {
			isa = PBXResourcesBuildPhase;
			buildActionMask = 2147483647;
			files = (
				86A909361B525971004FB637 /* Images.xcassets in Resources */,
				86A909381B5259E8004FB637 /* LaunchScreen.xib in Resources */,
				86A909341B525946004FB637 /* Main.storyboard in Resources */,
			);
			runOnlyForDeploymentPostprocessing = 0;
		};
		86F80A661B51D582009325F5 /* Resources */ = {
			isa = PBXResourcesBuildPhase;
			buildActionMask = 2147483647;
			files = (
			);
			runOnlyForDeploymentPostprocessing = 0;
		};
/* End PBXResourcesBuildPhase section */

/* Begin PBXSourcesBuildPhase section */
		86F80A4F1B51D582009325F5 /* Sources */ = {
			isa = PBXSourcesBuildPhase;
			buildActionMask = 2147483647;
			files = (
				86F80A5B1B51D582009325F5 /* ViewController.swift in Sources */,
				86F80A591B51D582009325F5 /* AppDelegate.swift in Sources */,
			);
			runOnlyForDeploymentPostprocessing = 0;
		};
		86F80A641B51D582009325F5 /* Sources */ = {
			isa = PBXSourcesBuildPhase;
			buildActionMask = 2147483647;
			files = (
				86F80A6F1B51D582009325F5 /* VisualizicTests.swift in Sources */,
			);
			runOnlyForDeploymentPostprocessing = 0;
		};
/* End PBXSourcesBuildPhase section */

/* Begin PBXTargetDependency section */
		86F80A6A1B51D582009325F5 /* PBXTargetDependency */ = {
			isa = PBXTargetDependency;
			target = 86F80A521B51D582009325F5 /* Visualizic */;
			targetProxy = 86F80A691B51D582009325F5 /* PBXContainerItemProxy */;
		};
/* End PBXTargetDependency section */

/* Begin XCBuildConfiguration section */
		86F80A701B51D582009325F5 /* Debug */ = {
			isa = XCBuildConfiguration;
			buildSettings = {
				ALWAYS_SEARCH_USER_PATHS = NO;
				CLANG_CXX_LANGUAGE_STANDARD = "gnu++0x";
				CLANG_CXX_LIBRARY = "libc++";
				CLANG_ENABLE_MODULES = YES;
				CLANG_ENABLE_OBJC_ARC = YES;
				CLANG_WARN_BOOL_CONVERSION = YES;
				CLANG_WARN_CONSTANT_CONVERSION = YES;
				CLANG_WARN_DIRECT_OBJC_ISA_USAGE = YES_ERROR;
				CLANG_WARN_EMPTY_BODY = YES;
				CLANG_WARN_ENUM_CONVERSION = YES;
				CLANG_WARN_INT_CONVERSION = YES;
				CLANG_WARN_OBJC_ROOT_CLASS = YES_ERROR;
				CLANG_WARN_UNREACHABLE_CODE = YES;
				CLANG_WARN__DUPLICATE_METHOD_MATCH = YES;
				"CODE_SIGN_IDENTITY[sdk=iphoneos*]" = "iPhone Developer";
				COPY_PHASE_STRIP = NO;
				DEBUG_INFORMATION_FORMAT = "dwarf-with-dsym";
				ENABLE_STRICT_OBJC_MSGSEND = YES;
				GCC_C_LANGUAGE_STANDARD = gnu99;
				GCC_DYNAMIC_NO_PIC = NO;
				GCC_NO_COMMON_BLOCKS = YES;
				GCC_OPTIMIZATION_LEVEL = 0;
				GCC_PREPROCESSOR_DEFINITIONS = (
					"DEBUG=1",
					"$(inherited)",
				);
				GCC_SYMBOLS_PRIVATE_EXTERN = NO;
				GCC_WARN_64_TO_32_BIT_CONVERSION = YES;
				GCC_WARN_ABOUT_RETURN_TYPE = YES_ERROR;
				GCC_WARN_UNDECLARED_SELECTOR = YES;
				GCC_WARN_UNINITIALIZED_AUTOS = YES_AGGRESSIVE;
				GCC_WARN_UNUSED_FUNCTION = YES;
				GCC_WARN_UNUSED_VARIABLE = YES;
				IPHONEOS_DEPLOYMENT_TARGET = 8.4;
				MTL_ENABLE_DEBUG_INFO = YES;
				ONLY_ACTIVE_ARCH = YES;
				SDKROOT = iphoneos;
				SWIFT_OPTIMIZATION_LEVEL = "-Onone";
				TARGETED_DEVICE_FAMILY = "1,2";
			};
			name = Debug;
		};
		86F80A711B51D582009325F5 /* Release */ = {
			isa = XCBuildConfiguration;
			buildSettings = {
				ALWAYS_SEARCH_USER_PATHS = NO;
				CLANG_CXX_LANGUAGE_STANDARD = "gnu++0x";
				CLANG_CXX_LIBRARY = "libc++";
				CLANG_ENABLE_MODULES = YES;
				CLANG_ENABLE_OBJC_ARC = YES;
				CLANG_WARN_BOOL_CONVERSION = YES;
				CLANG_WARN_CONSTANT_CONVERSION = YES;
				CLANG_WARN_DIRECT_OBJC_ISA_USAGE = YES_ERROR;
				CLANG_WARN_EMPTY_BODY = YES;
				CLANG_WARN_ENUM_CONVERSION = YES;
				CLANG_WARN_INT_CONVERSION = YES;
				CLANG_WARN_OBJC_ROOT_CLASS = YES_ERROR;
				CLANG_WARN_UNREACHABLE_CODE = YES;
				CLANG_WARN__DUPLICATE_METHOD_MATCH = YES;
				"CODE_SIGN_IDENTITY[sdk=iphoneos*]" = "iPhone Developer";
				COPY_PHASE_STRIP = NO;
				DEBUG_INFORMATION_FORMAT = "dwarf-with-dsym";
				ENABLE_NS_ASSERTIONS = NO;
				ENABLE_STRICT_OBJC_MSGSEND = YES;
				GCC_C_LANGUAGE_STANDARD = gnu99;
				GCC_NO_COMMON_BLOCKS = YES;
				GCC_WARN_64_TO_32_BIT_CONVERSION = YES;
				GCC_WARN_ABOUT_RETURN_TYPE = YES_ERROR;
				GCC_WARN_UNDECLARED_SELECTOR = YES;
				GCC_WARN_UNINITIALIZED_AUTOS = YES_AGGRESSIVE;
				GCC_WARN_UNUSED_FUNCTION = YES;
				GCC_WARN_UNUSED_VARIABLE = YES;
				IPHONEOS_DEPLOYMENT_TARGET = 8.4;
				MTL_ENABLE_DEBUG_INFO = NO;
				SDKROOT = iphoneos;
				TARGETED_DEVICE_FAMILY = "1,2";
				VALIDATE_PRODUCT = YES;
			};
			name = Release;
		};
		86F80A731B51D582009325F5 /* Debug */ = {
			isa = XCBuildConfiguration;
			buildSettings = {
				ASSETCATALOG_COMPILER_APPICON_NAME = AppIcon;
				INFOPLIST_FILE = Visualizic/Info.plist;
				LD_RUNPATH_SEARCH_PATHS = "$(inherited) @executable_path/Frameworks";
				PRODUCT_NAME = "$(TARGET_NAME)";
			};
			name = Debug;
		};
		86F80A741B51D582009325F5 /* Release */ = {
			isa = XCBuildConfiguration;
			buildSettings = {
				ASSETCATALOG_COMPILER_APPICON_NAME = AppIcon;
				INFOPLIST_FILE = Visualizic/Info.plist;
				LD_RUNPATH_SEARCH_PATHS = "$(inherited) @executable_path/Frameworks";
				PRODUCT_NAME = "$(TARGET_NAME)";
			};
			name = Release;
		};
		86F80A761B51D582009325F5 /* Debug */ = {
			isa = XCBuildConfiguration;
			buildSettings = {
				BUNDLE_LOADER = "$(TEST_HOST)";
				FRAMEWORK_SEARCH_PATHS = (
					"$(SDKROOT)/Developer/Library/Frameworks",
					"$(inherited)",
				);
				GCC_PREPROCESSOR_DEFINITIONS = (
					"DEBUG=1",
					"$(inherited)",
				);
				INFOPLIST_FILE = VisualizicTests/Info.plist;
				LD_RUNPATH_SEARCH_PATHS = "$(inherited) @executable_path/Frameworks @loader_path/Frameworks";
				PRODUCT_NAME = "$(TARGET_NAME)";
				TEST_HOST = "$(BUILT_PRODUCTS_DIR)/Visualizic.app/Visualizic";
			};
			name = Debug;
		};
		86F80A771B51D582009325F5 /* Release */ = {
			isa = XCBuildConfiguration;
			buildSettings = {
				BUNDLE_LOADER = "$(TEST_HOST)";
				FRAMEWORK_SEARCH_PATHS = (
					"$(SDKROOT)/Developer/Library/Frameworks",
					"$(inherited)",
				);
				INFOPLIST_FILE = VisualizicTests/Info.plist;
				LD_RUNPATH_SEARCH_PATHS = "$(inherited) @executable_path/Frameworks @loader_path/Frameworks";
				PRODUCT_NAME = "$(TARGET_NAME)";
				TEST_HOST = "$(BUILT_PRODUCTS_DIR)/Visualizic.app/Visualizic";
			};
			name = Release;
		};
/* End XCBuildConfiguration section */

/* Begin XCConfigurationList section */
		86F80A4E1B51D582009325F5 /* Build configuration list for PBXProject "Visualizic" */ = {
			isa = XCConfigurationList;
			buildConfigurations = (
				86F80A701B51D582009325F5 /* Debug */,
				86F80A711B51D582009325F5 /* Release */,
			);
			defaultConfigurationIsVisible = 0;
			defaultConfigurationName = Release;
		};
		86F80A721B51D582009325F5 /* Build configuration list for PBXNativeTarget "Visualizic" */ = {
			isa = XCConfigurationList;
			buildConfigurations = (
				86F80A731B51D582009325F5 /* Debug */,
				86F80A741B51D582009325F5 /* Release */,
			);
			defaultConfigurationIsVisible = 0;
			defaultConfigurationName = Release;
		};
		86F80A751B51D582009325F5 /* Build configuration list for PBXNativeTarget "VisualizicTests" */ = {
			isa = XCConfigurationList;
			buildConfigurations = (
				86F80A761B51D582009325F5 /* Debug */,
				86F80A771B51D582009325F5 /* Release */,
			);
			defaultConfigurationIsVisible = 0;
			defaultConfigurationName = Release;
		};
/* End XCConfigurationList section */
	};
	rootObject = 86F80A4B1B51D582009325F5 /* Project object */;
}
